
Microsoft Visual Studio Solution File, Format Version 12.00
# Visual Studio 15
VisualStudioVersion = 15.0.26228.4
MinimumVisualStudioVersion = 10.0.40219.1
Project("{FAE04EC0-301F-11D3-BF4B-00C04F79EFBC}") = "AjaxDataAccess", "AjaxDataAccess\AjaxDataAccess.csproj", "{5DABE343-F89E-41D8-B52B-D1814D2C6B49}"
EndProject
Project("{FAE04EC0-301F-11D3-BF4B-00C04F79EFBC}") = "AjaxDataAccess.DAL", "AjaxDataAccess.DAL\AjaxDataAccess.DAL.csproj", "{AB7F11C9-00C1-4A30-858A-7C68BC1A6C3A}"
EndProject
Project("{FAE04EC0-301F-11D3-BF4B-00C04F79EFBC}") = "AjaxDataAccess.Domain", "AjaxDataAccess.Domain\AjaxDataAccess.Domain.csproj", "{37A2BEBF-7ECC-44FE-BDAE-76F95CCFE63D}"
EndProject
Global
	GlobalSection(SolutionConfigurationPlatforms) = preSolution
		Debug|Any CPU = Debug|Any CPU
		Release|Any CPU = Release|Any CPU
	EndGlobalSection
	GlobalSection(ProjectConfigurationPlatforms) = postSolution
		{5DABE343-F89E-41D8-B52B-D1814D2C6B49}.Debug|Any CPU.ActiveCfg = Debug|Any CPU
		{5DABE343-F89E-41D8-B52B-D1814D2C6B49}.Debug|Any CPU.Build.0 = Debug|Any CPU
		{5DABE343-F89E-41D8-B52B-D1814D2C6B49}.Release|Any CPU.ActiveCfg = Release|Any CPU
		{5DABE343-F89E-41D8-B52B-D1814D2C6B49}.Release|Any CPU.Build.0 = Release|Any CPU
		{AB7F11C9-00C1-4A30-858A-7C68BC1A6C3A}.Debug|Any CPU.ActiveCfg = Debug|Any CPU
		{AB7F11C9-00C1-4A30-858A-7C68BC1A6C3A}.Debug|Any CPU.Build.0 = Debug|Any CPU
		{AB7F11C9-00C1-4A30-858A-7C68BC1A6C3A}.Release|Any CPU.ActiveCfg = Release|Any CPU
		{AB7F11C9-00C1-4A30-858A-7C68BC1A6C3A}.Release|Any CPU.Build.0 = Release|Any CPU
		{37A2BEBF-7ECC-44FE-BDAE-76F95CCFE63D}.Debug|Any CPU.ActiveCfg = Debug|Any CPU
		{37A2BEBF-7ECC-44FE-BDAE-76F95CCFE63D}.Debug|Any CPU.Build.0 = Debug|Any CPU
		{37A2BEBF-7ECC-44FE-BDAE-76F95CCFE63D}.Release|Any CPU.ActiveCfg = Release|Any CPU
		{37A2BEBF-7ECC-44FE-BDAE-76F95CCFE63D}.Release|Any CPU.Build.0 = Release|Any CPU
	EndGlobalSection
	GlobalSection(SolutionProperties) = preSolution
		HideSolutionNode = FALSE
	EndGlobalSection
EndGlobal
